
Microsoft Visual Studio Solution File, Format Version 12.00
# Visual Studio Version 17
VisualStudioVersion = 17.10.35122.118
MinimumVisualStudioVersion = 10.0.40219.1
Project("{FAE04EC0-301F-11D3-BF4B-00C04F79EFBC}") = "elsoprog", "elsoprog\elsoprog.csproj", "{AB24709B-C434-4C37-AC39-E9B41EFF92BF}"
EndProject
Global
	GlobalSection(SolutionConfigurationPlatforms) = preSolution
		Debug|Any CPU = Debug|Any CPU
		Release|Any CPU = Release|Any CPU
	EndGlobalSection
	GlobalSection(ProjectConfigurationPlatforms) = postSolution
		{AB24709B-C434-4C37-AC39-E9B41EFF92BF}.Debug|Any CPU.ActiveCfg = Debug|Any CPU
		{AB24709B-C434-4C37-AC39-E9B41EFF92BF}.Debug|Any CPU.Build.0 = Debug|Any CPU
		{AB24709B-C434-4C37-AC39-E9B41EFF92BF}.Release|Any CPU.ActiveCfg = Release|Any CPU
		{AB24709B-C434-4C37-AC39-E9B41EFF92BF}.Release|Any CPU.Build.0 = Release|Any CPU
	EndGlobalSection
	GlobalSection(SolutionProperties) = preSolution
		HideSolutionNode = FALSE
	EndGlobalSection
	GlobalSection(ExtensibilityGlobals) = postSolution
		SolutionGuid = {66A94687-DDE5-4C98-A765-4886CDD9D382}
	EndGlobalSection
EndGlobal
