
Microsoft Visual Studio Solution File, Format Version 12.00
# Visual Studio Version 17
VisualStudioVersion = 17.10.35122.118
MinimumVisualStudioVersion = 10.0.40219.1
Project("{FAE04EC0-301F-11D3-BF4B-00C04F79EFBC}") = "ConsoleApp3", "ConsoleApp3\ConsoleApp3.csproj", "{96F8E0A7-679F-40B9-A2C4-7668E6AE3C62}"
EndProject
Global
	GlobalSection(SolutionConfigurationPlatforms) = preSolution
		Debug|Any CPU = Debug|Any CPU
		Release|Any CPU = Release|Any CPU
	EndGlobalSection
	GlobalSection(ProjectConfigurationPlatforms) = postSolution
		{96F8E0A7-679F-40B9-A2C4-7668E6AE3C62}.Debug|Any CPU.ActiveCfg = Debug|Any CPU
		{96F8E0A7-679F-40B9-A2C4-7668E6AE3C62}.Debug|Any CPU.Build.0 = Debug|Any CPU
		{96F8E0A7-679F-40B9-A2C4-7668E6AE3C62}.Release|Any CPU.ActiveCfg = Release|Any CPU
		{96F8E0A7-679F-40B9-A2C4-7668E6AE3C62}.Release|Any CPU.Build.0 = Release|Any CPU
	EndGlobalSection
	GlobalSection(SolutionProperties) = preSolution
		HideSolutionNode = FALSE
	EndGlobalSection
	GlobalSection(ExtensibilityGlobals) = postSolution
		SolutionGuid = {B51A799C-EEB9-4D93-8F69-F7016D58202F}
	EndGlobalSection
EndGlobal
