
Microsoft Visual Studio Solution File, Format Version 12.00
# Visual Studio Version 17
VisualStudioVersion = 17.10.35122.118
MinimumVisualStudioVersion = 10.0.40219.1
Project("{FAE04EC0-301F-11D3-BF4B-00C04F79EFBC}") = "otodik", "otodik\otodik.csproj", "{B3C91B91-66EB-4819-938D-705876C1D2CF}"
EndProject
Global
	GlobalSection(SolutionConfigurationPlatforms) = preSolution
		Debug|Any CPU = Debug|Any CPU
		Release|Any CPU = Release|Any CPU
	EndGlobalSection
	GlobalSection(ProjectConfigurationPlatforms) = postSolution
		{B3C91B91-66EB-4819-938D-705876C1D2CF}.Debug|Any CPU.ActiveCfg = Debug|Any CPU
		{B3C91B91-66EB-4819-938D-705876C1D2CF}.Debug|Any CPU.Build.0 = Debug|Any CPU
		{B3C91B91-66EB-4819-938D-705876C1D2CF}.Release|Any CPU.ActiveCfg = Release|Any CPU
		{B3C91B91-66EB-4819-938D-705876C1D2CF}.Release|Any CPU.Build.0 = Release|Any CPU
	EndGlobalSection
	GlobalSection(SolutionProperties) = preSolution
		HideSolutionNode = FALSE
	EndGlobalSection
	GlobalSection(ExtensibilityGlobals) = postSolution
		SolutionGuid = {DEA7AD22-3127-466D-B93C-C60ED0C5CC23}
	EndGlobalSection
EndGlobal
