
Microsoft Visual Studio Solution File, Format Version 12.00
# Visual Studio Version 17
VisualStudioVersion = 17.10.35122.118
MinimumVisualStudioVersion = 10.0.40219.1
Project("{FAE04EC0-301F-11D3-BF4B-00C04F79EFBC}") = "masod", "masod\masod.csproj", "{4ADC8575-6ED9-47B1-B968-70028622BCFE}"
EndProject
Global
	GlobalSection(SolutionConfigurationPlatforms) = preSolution
		Debug|Any CPU = Debug|Any CPU
		Release|Any CPU = Release|Any CPU
	EndGlobalSection
	GlobalSection(ProjectConfigurationPlatforms) = postSolution
		{4ADC8575-6ED9-47B1-B968-70028622BCFE}.Debug|Any CPU.ActiveCfg = Debug|Any CPU
		{4ADC8575-6ED9-47B1-B968-70028622BCFE}.Debug|Any CPU.Build.0 = Debug|Any CPU
		{4ADC8575-6ED9-47B1-B968-70028622BCFE}.Release|Any CPU.ActiveCfg = Release|Any CPU
		{4ADC8575-6ED9-47B1-B968-70028622BCFE}.Release|Any CPU.Build.0 = Release|Any CPU
	EndGlobalSection
	GlobalSection(SolutionProperties) = preSolution
		HideSolutionNode = FALSE
	EndGlobalSection
	GlobalSection(ExtensibilityGlobals) = postSolution
		SolutionGuid = {BEB44F1A-49FA-4D84-A817-FEEE0D7DEC8A}
	EndGlobalSection
EndGlobal
