
Microsoft Visual Studio Solution File, Format Version 12.00
# Visual Studio Version 17
VisualStudioVersion = 17.10.35122.118
MinimumVisualStudioVersion = 10.0.40219.1
Project("{FAE04EC0-301F-11D3-BF4B-00C04F79EFBC}") = "negy", "negy\negy.csproj", "{33366A6D-D880-4E68-BC1C-83253F9F292A}"
EndProject
Global
	GlobalSection(SolutionConfigurationPlatforms) = preSolution
		Debug|Any CPU = Debug|Any CPU
		Release|Any CPU = Release|Any CPU
	EndGlobalSection
	GlobalSection(ProjectConfigurationPlatforms) = postSolution
		{33366A6D-D880-4E68-BC1C-83253F9F292A}.Debug|Any CPU.ActiveCfg = Debug|Any CPU
		{33366A6D-D880-4E68-BC1C-83253F9F292A}.Debug|Any CPU.Build.0 = Debug|Any CPU
		{33366A6D-D880-4E68-BC1C-83253F9F292A}.Release|Any CPU.ActiveCfg = Release|Any CPU
		{33366A6D-D880-4E68-BC1C-83253F9F292A}.Release|Any CPU.Build.0 = Release|Any CPU
	EndGlobalSection
	GlobalSection(SolutionProperties) = preSolution
		HideSolutionNode = FALSE
	EndGlobalSection
	GlobalSection(ExtensibilityGlobals) = postSolution
		SolutionGuid = {89F5FCB7-791F-4958-8DC7-E38E654A17A7}
	EndGlobalSection
EndGlobal
